
Microsoft Visual Studio Solution File, Format Version 12.00
# Visual Studio Version 17
VisualStudioVersion = 17.9.34728.123
MinimumVisualStudioVersion = 10.0.40219.1
Project("{FAE04EC0-301F-11D3-BF4B-00C04F79EFBC}") = "Testapp", "Testapp.csproj", "{68588F2F-700D-4E10-93D1-BF81F521472A}"
EndProject
Global
	GlobalSection(SolutionConfigurationPlatforms) = preSolution
		Debug|Any CPU = Debug|Any CPU
		Release|Any CPU = Release|Any CPU
	EndGlobalSection
	GlobalSection(ProjectConfigurationPlatforms) = postSolution
		{68588F2F-700D-4E10-93D1-BF81F521472A}.Debug|Any CPU.ActiveCfg = Debug|Any CPU
		{68588F2F-700D-4E10-93D1-BF81F521472A}.Debug|Any CPU.Build.0 = Debug|Any CPU
		{68588F2F-700D-4E10-93D1-BF81F521472A}.Release|Any CPU.ActiveCfg = Release|Any CPU
		{68588F2F-700D-4E10-93D1-BF81F521472A}.Release|Any CPU.Build.0 = Release|Any CPU
	EndGlobalSection
	GlobalSection(SolutionProperties) = preSolution
		HideSolutionNode = FALSE
	EndGlobalSection
	GlobalSection(ExtensibilityGlobals) = postSolution
		SolutionGuid = {6D4B3067-B47D-4D4A-B84E-4CFD8114AE0F}
	EndGlobalSection
EndGlobal
